// !$*UTF8*$!
{
	archiveVersion = 1;
	classes = {
	};
	objectVersion = 50;
	objects = {

/* Begin PBXBuildFile section */
		571A1AB720AB5DC900624059 /* AppDelegate.m in Sources */ = {isa = PBXBuildFile; fileRef = 571A1AB620AB5DC900624059 /* AppDelegate.m */; };
		571A1ABF20AB5DCA00624059 /* Assets.xcassets in Resources */ = {isa = PBXBuildFile; fileRef = 571A1ABE20AB5DCA00624059 /* Assets.xcassets */; };
		571A1AC220AB5DCA00624059 /* LaunchScreen.storyboard in Resources */ = {isa = PBXBuildFile; fileRef = 571A1AC020AB5DCA00624059 /* LaunchScreen.storyboard */; };
		571A1AC520AB5DCA00624059 /* main.m in Sources */ = {isa = PBXBuildFile; fileRef = 571A1AC420AB5DCA00624059 /* main.m */; };
		571A1ACF20AB5DCA00624059 /* CrayonsTests.m in Sources */ = {isa = PBXBuildFile; fileRef = 571A1ACE20AB5DCA00624059 /* CrayonsTests.m */; };
		571A1ADB20AB74DA00624059 /* Crayon.m in Sources */ = {isa = PBXBuildFile; fileRef = 571A1ADA20AB74DA00624059 /* Crayon.m */; };
		57D486A820ADE9560052E870 /* CrayonViewController.m in Sources */ = {isa = PBXBuildFile; fileRef = 57D486A720ADE9560052E870 /* CrayonViewController.m */; };
/* End PBXBuildFile section */

/* Begin PBXContainerItemProxy section */
		571A1ACB20AB5DCA00624059 /* PBXContainerItemProxy */ = {
			isa = PBXContainerItemProxy;
			containerPortal = 571A1AAA20AB5DC900624059 /* Project object */;
			proxyType = 1;
			remoteGlobalIDString = 571A1AB120AB5DC900624059;
			remoteInfo = Crayons;
		};
/* End PBXContainerItemProxy section */

/* Begin PBXFileReference section */
		571A1AB220AB5DC900624059 /* Crayons.app */ = {isa = PBXFileReference; explicitFileType = wrapper.application; includeInIndex = 0; path = Crayons.app; sourceTree = BUILT_PRODUCTS_DIR; };
		571A1AB520AB5DC900624059 /* AppDelegate.h */ = {isa = PBXFileReference; lastKnownFileType = sourcecode.c.h; path = AppDelegate.h; sourceTree = "<group>"; };
		571A1AB620AB5DC900624059 /* AppDelegate.m */ = {isa = PBXFileReference; lastKnownFileType = sourcecode.c.objc; path = AppDelegate.m; sourceTree = "<group>"; };
		571A1ABE20AB5DCA00624059 /* Assets.xcassets */ = {isa = PBXFileReference; lastKnownFileType = folder.assetcatalog; path = Assets.xcassets; sourceTree = "<group>"; };
		571A1AC120AB5DCA00624059 /* Base */ = {isa = PBXFileReference; lastKnownFileType = file.storyboard; name = Base; path = Base.lproj/LaunchScreen.storyboard; sourceTree = "<group>"; };
		571A1AC320AB5DCA00624059 /* Info.plist */ = {isa = PBXFileReference; lastKnownFileType = text.plist.xml; path = Info.plist; sourceTree = "<group>"; };
		571A1AC420AB5DCA00624059 /* main.m */ = {isa = PBXFileReference; lastKnownFileType = sourcecode.c.objc; path = main.m; sourceTree = "<group>"; };
		571A1ACA20AB5DCA00624059 /* CrayonsTests.xctest */ = {isa = PBXFileReference; explicitFileType = wrapper.cfbundle; includeInIndex = 0; path = CrayonsTests.xctest; sourceTree = BUILT_PRODUCTS_DIR; };
		571A1ACE20AB5DCA00624059 /* CrayonsTests.m */ = {isa = PBXFileReference; lastKnownFileType = sourcecode.c.objc; path = CrayonsTests.m; sourceTree = "<group>"; };
		571A1AD020AB5DCA00624059 /* Info.plist */ = {isa = PBXFileReference; lastKnownFileType = text.plist.xml; path = Info.plist; sourceTree = "<group>"; };
		571A1AD920AB749E00624059 /* Crayon.h */ = {isa = PBXFileReference; lastKnownFileType = sourcecode.c.h; path = Crayon.h; sourceTree = "<group>"; };
		571A1ADA20AB74DA00624059 /* Crayon.m */ = {isa = PBXFileReference; lastKnownFileType = sourcecode.c.objc; path = Crayon.m; sourceTree = "<group>"; };
		57D486A620ADE9560052E870 /* CrayonViewController.h */ = {isa = PBXFileReference; lastKnownFileType = sourcecode.c.h; path = CrayonViewController.h; sourceTree = "<group>"; };
		57D486A720ADE9560052E870 /* CrayonViewController.m */ = {isa = PBXFileReference; lastKnownFileType = sourcecode.c.objc; path = CrayonViewController.m; sourceTree = "<group>"; };
/* End PBXFileReference section */

/* Begin PBXFrameworksBuildPhase section */
		571A1AAF20AB5DC900624059 /* Frameworks */ = {
			isa = PBXFrameworksBuildPhase;
			buildActionMask = 2147483647;
			files = (
			);
			runOnlyForDeploymentPostprocessing = 0;
		};
		571A1AC720AB5DCA00624059 /* Frameworks */ = {
			isa = PBXFrameworksBuildPhase;
			buildActionMask = 2147483647;
			files = (
			);
			runOnlyForDeploymentPostprocessing = 0;
		};
/* End PBXFrameworksBuildPhase section */

/* Begin PBXGroup section */
		571A1AA920AB5DC900624059 = {
			isa = PBXGroup;
			children = (
				571A1AB420AB5DC900624059 /* Crayons */,
				571A1ACD20AB5DCA00624059 /* CrayonsTests */,
				571A1AB320AB5DC900624059 /* Products */,
			);
			sourceTree = "<group>";
		};
		571A1AB320AB5DC900624059 /* Products */ = {
			isa = PBXGroup;
			children = (
				571A1AB220AB5DC900624059 /* Crayons.app */,
				571A1ACA20AB5DCA00624059 /* CrayonsTests.xctest */,
			);
			name = Products;
			sourceTree = "<group>";
		};
		571A1AB420AB5DC900624059 /* Crayons */ = {
			isa = PBXGroup;
			children = (
				57D486A920ADEB8A0052E870 /* Models */,
				57D486AC20ADEBCB0052E870 /* Views */,
				57D486AA20ADEB990052E870 /* Controllers */,
				57D486AB20ADEBAE0052E870 /* Supporting Files */,
				571A1AC320AB5DCA00624059 /* Info.plist */,
			);
			path = Crayons;
			sourceTree = "<group>";
		};
		571A1ACD20AB5DCA00624059 /* CrayonsTests */ = {
			isa = PBXGroup;
			children = (
				571A1ACE20AB5DCA00624059 /* CrayonsTests.m */,
				571A1AD020AB5DCA00624059 /* Info.plist */,
			);
			path = CrayonsTests;
			sourceTree = "<group>";
		};
		57D486A920ADEB8A0052E870 /* Models */ = {
			isa = PBXGroup;
			children = (
				571A1AD920AB749E00624059 /* Crayon.h */,
				571A1ADA20AB74DA00624059 /* Crayon.m */,
			);
			path = Models;
			sourceTree = "<group>";
		};
		57D486AA20ADEB990052E870 /* Controllers */ = {
			isa = PBXGroup;
			children = (
				57D486A620ADE9560052E870 /* CrayonViewController.h */,
				57D486A720ADE9560052E870 /* CrayonViewController.m */,
			);
			path = Controllers;
			sourceTree = "<group>";
		};
		57D486AB20ADEBAE0052E870 /* Supporting Files */ = {
			isa = PBXGroup;
			children = (
				571A1AB520AB5DC900624059 /* AppDelegate.h */,
				571A1AB620AB5DC900624059 /* AppDelegate.m */,
				571A1ABE20AB5DCA00624059 /* Assets.xcassets */,
				571A1AC020AB5DCA00624059 /* LaunchScreen.storyboard */,
				571A1AC420AB5DCA00624059 /* main.m */,
			);
			path = "Supporting Files";
			sourceTree = "<group>";
		};
		57D486AC20ADEBCB0052E870 /* Views */ = {
			isa = PBXGroup;
			children = (
			);
			path = Views;
			sourceTree = "<group>";
		};
/* End PBXGroup section */

/* Begin PBXNativeTarget section */
		571A1AB120AB5DC900624059 /* Crayons */ = {
			isa = PBXNativeTarget;
			buildConfigurationList = 571A1AD320AB5DCA00624059 /* Build configuration list for PBXNativeTarget "Crayons" */;
			buildPhases = (
				571A1AAE20AB5DC900624059 /* Sources */,
				571A1AAF20AB5DC900624059 /* Frameworks */,
				571A1AB020AB5DC900624059 /* Resources */,
			);
			buildRules = (
			);
			dependencies = (
			);
			name = Crayons;
			productName = Crayons;
			productReference = 571A1AB220AB5DC900624059 /* Crayons.app */;
			productType = "com.apple.product-type.application";
		};
		571A1AC920AB5DCA00624059 /* CrayonsTests */ = {
			isa = PBXNativeTarget;
			buildConfigurationList = 571A1AD620AB5DCA00624059 /* Build configuration list for PBXNativeTarget "CrayonsTests" */;
			buildPhases = (
				571A1AC620AB5DCA00624059 /* Sources */,
				571A1AC720AB5DCA00624059 /* Frameworks */,
				571A1AC820AB5DCA00624059 /* Resources */,
			);
			buildRules = (
			);
			dependencies = (
				571A1ACC20AB5DCA00624059 /* PBXTargetDependency */,
			);
			name = CrayonsTests;
			productName = CrayonsTests;
			productReference = 571A1ACA20AB5DCA00624059 /* CrayonsTests.xctest */;
			productType = "com.apple.product-type.bundle.unit-test";
		};
/* End PBXNativeTarget section */

/* Begin PBXProject section */
		571A1AAA20AB5DC900624059 /* Project object */ = {
			isa = PBXProject;
			attributes = {
				LastUpgradeCheck = 0930;
				ORGANIZATIONNAME = "Alex Paul";
				TargetAttributes = {
					571A1AB120AB5DC900624059 = {
						CreatedOnToolsVersion = 9.3;
					};
					571A1AC920AB5DCA00624059 = {
						CreatedOnToolsVersion = 9.3;
						TestTargetID = 571A1AB120AB5DC900624059;
					};
				};
			};
			buildConfigurationList = 571A1AAD20AB5DC900624059 /* Build configuration list for PBXProject "Crayons" */;
			compatibilityVersion = "Xcode 9.3";
			developmentRegion = en;
			hasScannedForEncodings = 0;
			knownRegions = (
				en,
				Base,
			);
			mainGroup = 571A1AA920AB5DC900624059;
			productRefGroup = 571A1AB320AB5DC900624059 /* Products */;
			projectDirPath = "";
			projectRoot = "";
			targets = (
				571A1AB120AB5DC900624059 /* Crayons */,
				571A1AC920AB5DCA00624059 /* CrayonsTests */,
			);
		};
/* End PBXProject section */

/* Begin PBXResourcesBuildPhase section */
		571A1AB020AB5DC900624059 /* Resources */ = {
			isa = PBXResourcesBuildPhase;
			buildActionMask = 2147483647;
			files = (
				571A1AC220AB5DCA00624059 /* LaunchScreen.storyboard in Resources */,
				571A1ABF20AB5DCA00624059 /* Assets.xcassets in Resources */,
			);
			runOnlyForDeploymentPostprocessing = 0;
		};
		571A1AC820AB5DCA00624059 /* Resources */ = {
			isa = PBXResourcesBuildPhase;
			buildActionMask = 2147483647;
			files = (
			);
			runOnlyForDeploymentPostprocessing = 0;
		};
/* End PBXResourcesBuildPhase section */

/* Begin PBXSourcesBuildPhase section */
		571A1AAE20AB5DC900624059 /* Sources */ = {
			isa = PBXSourcesBuildPhase;
			buildActionMask = 2147483647;
			files = (
				571A1AC520AB5DCA00624059 /* main.m in Sources */,
				571A1AB720AB5DC900624059 /* AppDelegate.m in Sources */,
				57D486A820ADE9560052E870 /* CrayonViewController.m in Sources */,
				571A1ADB20AB74DA00624059 /* Crayon.m in Sources */,
			);
			runOnlyForDeploymentPostprocessing = 0;
		};
		571A1AC620AB5DCA00624059 /* Sources */ = {
			isa = PBXSourcesBuildPhase;
			buildActionMask = 2147483647;
			files = (
				571A1ACF20AB5DCA00624059 /* CrayonsTests.m in Sources */,
			);
			runOnlyForDeploymentPostprocessing = 0;
		};
/* End PBXSourcesBuildPhase section */

/* Begin PBXTargetDependency section */
		571A1ACC20AB5DCA00624059 /* PBXTargetDependency */ = {
			isa = PBXTargetDependency;
			target = 571A1AB120AB5DC900624059 /* Crayons */;
			targetProxy = 571A1ACB20AB5DCA00624059 /* PBXContainerItemProxy */;
		};
/* End PBXTargetDependency section */

/* Begin PBXVariantGroup section */
		571A1AC020AB5DCA00624059 /* LaunchScreen.storyboard */ = {
			isa = PBXVariantGroup;
			children = (
				571A1AC120AB5DCA00624059 /* Base */,
			);
			name = LaunchScreen.storyboard;
			sourceTree = "<group>";
		};
/* End PBXVariantGroup section */

/* Begin XCBuildConfiguration section */
		571A1AD120AB5DCA00624059 /* Debug */ = {
			isa = XCBuildConfiguration;
			buildSettings = {
				ALWAYS_SEARCH_USER_PATHS = NO;
				CLANG_ANALYZER_NONNULL = YES;
				CLANG_ANALYZER_NUMBER_OBJECT_CONVERSION = YES_AGGRESSIVE;
				CLANG_CXX_LANGUAGE_STANDARD = "gnu++14";
				CLANG_CXX_LIBRARY = "libc++";
				CLANG_ENABLE_MODULES = YES;
				CLANG_ENABLE_OBJC_ARC = YES;
				CLANG_ENABLE_OBJC_WEAK = YES;
				CLANG_WARN_BLOCK_CAPTURE_AUTORELEASING = YES;
				CLANG_WARN_BOOL_CONVERSION = YES;
				CLANG_WARN_COMMA = YES;
				CLANG_WARN_CONSTANT_CONVERSION = YES;
				CLANG_WARN_DEPRECATED_OBJC_IMPLEMENTATIONS = YES;
				CLANG_WARN_DIRECT_OBJC_ISA_USAGE = YES_ERROR;
				CLANG_WARN_DOCUMENTATION_COMMENTS = YES;
				CLANG_WARN_EMPTY_BODY = YES;
				CLANG_WARN_ENUM_CONVERSION = YES;
				CLANG_WARN_INFINITE_RECURSION = YES;
				CLANG_WARN_INT_CONVERSION = YES;
				CLANG_WARN_NON_LITERAL_NULL_CONVERSION = YES;
				CLANG_WARN_OBJC_IMPLICIT_RETAIN_SELF = YES;
				CLANG_WARN_OBJC_LITERAL_CONVERSION = YES;
				CLANG_WARN_OBJC_ROOT_CLASS = YES_ERROR;
				CLANG_WARN_RANGE_LOOP_ANALYSIS = YES;
				CLANG_WARN_STRICT_PROTOTYPES = YES;
				CLANG_WARN_SUSPICIOUS_MOVE = YES;
				CLANG_WARN_UNGUARDED_AVAILABILITY = YES_AGGRESSIVE;
				CLANG_WARN_UNREACHABLE_CODE = YES;
				CLANG_WARN__DUPLICATE_METHOD_MATCH = YES;
				CODE_SIGN_IDENTITY = "iPhone Developer";
				COPY_PHASE_STRIP = NO;
				DEBUG_INFORMATION_FORMAT = dwarf;
				ENABLE_STRICT_OBJC_MSGSEND = YES;
				ENABLE_TESTABILITY = YES;
				GCC_C_LANGUAGE_STANDARD = gnu11;
				GCC_DYNAMIC_NO_PIC = NO;
				GCC_NO_COMMON_BLOCKS = YES;
				GCC_OPTIMIZATION_LEVEL = 0;
				GCC_PREPROCESSOR_DEFINITIONS = (
					"DEBUG=1",
					"$(inherited)",
				);
				GCC_WARN_64_TO_32_BIT_CONVERSION = YES;
				GCC_WARN_ABOUT_RETURN_TYPE = YES_ERROR;
				GCC_WARN_UNDECLARED_SELECTOR = YES;
				GCC_WARN_UNINITIALIZED_AUTOS = YES_AGGRESSIVE;
				GCC_WARN_UNUSED_FUNCTION = YES;
				GCC_WARN_UNUSED_VARIABLE = YES;
				IPHONEOS_DEPLOYMENT_TARGET = 11.3;
				MTL_ENABLE_DEBUG_INFO = YES;
				ONLY_ACTIVE_ARCH = YES;
				SDKROOT = iphoneos;
			};
			name = Debug;
		};
		571A1AD220AB5DCA00624059 /* Release */ = {
			isa = XCBuildConfiguration;
			buildSettings = {
				ALWAYS_SEARCH_USER_PATHS = NO;
				CLANG_ANALYZER_NONNULL = YES;
				CLANG_ANALYZER_NUMBER_OBJECT_CONVERSION = YES_AGGRESSIVE;
				CLANG_CXX_LANGUAGE_STANDARD = "gnu++14";
				CLANG_CXX_LIBRARY = "libc++";
				CLANG_ENABLE_MODULES = YES;
				CLANG_ENABLE_OBJC_ARC = YES;
				CLANG_ENABLE_OBJC_WEAK = YES;
				CLANG_WARN_BLOCK_CAPTURE_AUTORELEASING = YES;
				CLANG_WARN_BOOL_CONVERSION = YES;
				CLANG_WARN_COMMA = YES;
				CLANG_WARN_CONSTANT_CONVERSION = YES;
				CLANG_WARN_DEPRECATED_OBJC_IMPLEMENTATIONS = YES;
				CLANG_WARN_DIRECT_OBJC_ISA_USAGE = YES_ERROR;
				CLANG_WARN_DOCUMENTATION_COMMENTS = YES;
				CLANG_WARN_EMPTY_BODY = YES;
				CLANG_WARN_ENUM_CONVERSION = YES;
				CLANG_WARN_INFINITE_RECURSION = YES;
				CLANG_WARN_INT_CONVERSION = YES;
				CLANG_WARN_NON_LITERAL_NULL_CONVERSION = YES;
				CLANG_WARN_OBJC_IMPLICIT_RETAIN_SELF = YES;
				CLANG_WARN_OBJC_LITERAL_CONVERSION = YES;
				CLANG_WARN_OBJC_ROOT_CLASS = YES_ERROR;
				CLANG_WARN_RANGE_LOOP_ANALYSIS = YES;
				CLANG_WARN_STRICT_PROTOTYPES = YES;
				CLANG_WARN_SUSPICIOUS_MOVE = YES;
				CLANG_WARN_UNGUARDED_AVAILABILITY = YES_AGGRESSIVE;
				CLANG_WARN_UNREACHABLE_CODE = YES;
				CLANG_WARN__DUPLICATE_METHOD_MATCH = YES;
				CODE_SIGN_IDENTITY = "iPhone Developer";
				COPY_PHASE_STRIP = NO;
				DEBUG_INFORMATION_FORMAT = "dwarf-with-dsym";
				ENABLE_NS_ASSERTIONS = NO;
				ENABLE_STRICT_OBJC_MSGSEND = YES;
				GCC_C_LANGUAGE_STANDARD = gnu11;
				GCC_NO_COMMON_BLOCKS = YES;
				GCC_WARN_64_TO_32_BIT_CONVERSION = YES;
				GCC_WARN_ABOUT_RETURN_TYPE = YES_ERROR;
				GCC_WARN_UNDECLARED_SELECTOR = YES;
				GCC_WARN_UNINITIALIZED_AUTOS = YES_AGGRESSIVE;
				GCC_WARN_UNUSED_FUNCTION = YES;
				GCC_WARN_UNUSED_VARIABLE = YES;
				IPHONEOS_DEPLOYMENT_TARGET = 11.3;
				MTL_ENABLE_DEBUG_INFO = NO;
				SDKROOT = iphoneos;
				VALIDATE_PRODUCT = YES;
			};
			name = Release;
		};
		571A1AD420AB5DCA00624059 /* Debug */ = {
			isa = XCBuildConfiguration;
			buildSettings = {
				ASSETCATALOG_COMPILER_APPICON_NAME = AppIcon;
				CODE_SIGN_STYLE = Automatic;
				DEVELOPMENT_TEAM = ZEKMNK5YD3;
				INFOPLIST_FILE = Crayons/Info.plist;
				LD_RUNPATH_SEARCH_PATHS = (
					"$(inherited)",
					"@executable_path/Frameworks",
				);
				PRODUCT_BUNDLE_IDENTIFIER = com.alexcpaul.Crayons;
				PRODUCT_NAME = "$(TARGET_NAME)";
				TARGETED_DEVICE_FAMILY = "1,2";
			};
			name = Debug;
		};
		571A1AD520AB5DCA00624059 /* Release */ = {
			isa = XCBuildConfiguration;
			buildSettings = {
				ASSETCATALOG_COMPILER_APPICON_NAME = AppIcon;
				CODE_SIGN_STYLE = Automatic;
				DEVELOPMENT_TEAM = ZEKMNK5YD3;
				INFOPLIST_FILE = Crayons/Info.plist;
				LD_RUNPATH_SEARCH_PATHS = (
					"$(inherited)",
					"@executable_path/Frameworks",
				);
				PRODUCT_BUNDLE_IDENTIFIER = com.alexcpaul.Crayons;
				PRODUCT_NAME = "$(TARGET_NAME)";
				TARGETED_DEVICE_FAMILY = "1,2";
			};
			name = Release;
		};
		571A1AD720AB5DCA00624059 /* Debug */ = {
			isa = XCBuildConfiguration;
			buildSettings = {
				BUNDLE_LOADER = "$(TEST_HOST)";
				CODE_SIGN_STYLE = Automatic;
				DEVELOPMENT_TEAM = ZEKMNK5YD3;
				INFOPLIST_FILE = CrayonsTests/Info.plist;
				LD_RUNPATH_SEARCH_PATHS = (
					"$(inherited)",
					"@executable_path/Frameworks",
					"@loader_path/Frameworks",
				);
				PRODUCT_BUNDLE_IDENTIFIER = com.alexcpaul.CrayonsTests;
				PRODUCT_NAME = "$(TARGET_NAME)";
				TARGETED_DEVICE_FAMILY = "1,2";
				TEST_HOST = "$(BUILT_PRODUCTS_DIR)/Crayons.app/Crayons";
			};
			name = Debug;
		};
		571A1AD820AB5DCA00624059 /* Release */ = {
			isa = XCBuildConfiguration;
			buildSettings = {
				BUNDLE_LOADER = "$(TEST_HOST)";
				CODE_SIGN_STYLE = Automatic;
				DEVELOPMENT_TEAM = ZEKMNK5YD3;
				INFOPLIST_FILE = CrayonsTests/Info.plist;
				LD_RUNPATH_SEARCH_PATHS = (
					"$(inherited)",
					"@executable_path/Frameworks",
					"@loader_path/Frameworks",
				);
				PRODUCT_BUNDLE_IDENTIFIER = com.alexcpaul.CrayonsTests;
				PRODUCT_NAME = "$(TARGET_NAME)";
				TARGETED_DEVICE_FAMILY = "1,2";
				TEST_HOST = "$(BUILT_PRODUCTS_DIR)/Crayons.app/Crayons";
			};
			name = Release;
		};
/* End XCBuildConfiguration section */

/* Begin XCConfigurationList section */
		571A1AAD20AB5DC900624059 /* Build configuration list for PBXProject "Crayons" */ = {
			isa = XCConfigurationList;
			buildConfigurations = (
				571A1AD120AB5DCA00624059 /* Debug */,
				571A1AD220AB5DCA00624059 /* Release */,
			);
			defaultConfigurationIsVisible = 0;
			defaultConfigurationName = Release;
		};
		571A1AD320AB5DCA00624059 /* Build configuration list for PBXNativeTarget "Crayons" */ = {
			isa = XCConfigurationList;
			buildConfigurations = (
				571A1AD420AB5DCA00624059 /* Debug */,
				571A1AD520AB5DCA00624059 /* Release */,
			);
			defaultConfigurationIsVisible = 0;
			defaultConfigurationName = Release;
		};
		571A1AD620AB5DCA00624059 /* Build configuration list for PBXNativeTarget "CrayonsTests" */ = {
			isa = XCConfigurationList;
			buildConfigurations = (
				571A1AD720AB5DCA00624059 /* Debug */,
				571A1AD820AB5DCA00624059 /* Release */,
			);
			defaultConfigurationIsVisible = 0;
			defaultConfigurationName = Release;
		};
/* End XCConfigurationList section */
	};
	rootObject = 571A1AAA20AB5DC900624059 /* Project object */;
}
